// !$*UTF8*$!
{
	archiveVersion = 1;
	classes = {
	};
	objectVersion = 50;
	objects = {

/* Begin PBXBuildFile section */
		57C9FCAC24A08ED6004D70AA /* AppDelegate.swift in Sources */ = {isa = PBXBuildFile; fileRef = 57C9FCAB24A08ED6004D70AA /* AppDelegate.swift */; };
		57C9FCAE24A08ED6004D70AA /* SceneDelegate.swift in Sources */ = {isa = PBXBuildFile; fileRef = 57C9FCAD24A08ED6004D70AA /* SceneDelegate.swift */; };
		57C9FCB024A08ED6004D70AA /* ContentView.swift in Sources */ = {isa = PBXBuildFile; fileRef = 57C9FCAF24A08ED6004D70AA /* ContentView.swift */; };
		57C9FCB224A08ED8004D70AA /* Assets.xcassets in Resources */ = {isa = PBXBuildFile; fileRef = 57C9FCB124A08ED8004D70AA /* Assets.xcassets */; };
		57C9FCB524A08ED8004D70AA /* Preview Assets.xcassets in Resources */ = {isa = PBXBuildFile; fileRef = 57C9FCB424A08ED8004D70AA /* Preview Assets.xcassets */; };
		57C9FCB824A08ED8004D70AA /* LaunchScreen.storyboard in Resources */ = {isa = PBXBuildFile; fileRef = 57C9FCB624A08ED8004D70AA /* LaunchScreen.storyboard */; };
/* End PBXBuildFile section */

/* Begin PBXFileReference section */
		57C9FCA824A08ED6004D70AA /* BINDING.app */ = {isa = PBXFileReference; explicitFileType = wrapper.application; includeInIndex = 0; path = BINDING.app; sourceTree = BUILT_PRODUCTS_DIR; };
		57C9FCAB24A08ED6004D70AA /* AppDelegate.swift */ = {isa = PBXFileReference; lastKnownFileType = sourcecode.swift; path = AppDelegate.swift; sourceTree = "<group>"; };
		57C9FCAD24A08ED6004D70AA /* SceneDelegate.swift */ = {isa = PBXFileReference; lastKnownFileType = sourcecode.swift; path = SceneDelegate.swift; sourceTree = "<group>"; };
		57C9FCAF24A08ED6004D70AA /* ContentView.swift */ = {isa = PBXFileReference; lastKnownFileType = sourcecode.swift; path = ContentView.swift; sourceTree = "<group>"; };
		57C9FCB124A08ED8004D70AA /* Assets.xcassets */ = {isa = PBXFileReference; lastKnownFileType = folder.assetcatalog; path = Assets.xcassets; sourceTree = "<group>"; };
		57C9FCB424A08ED8004D70AA /* Preview Assets.xcassets */ = {isa = PBXFileReference; lastKnownFileType = folder.assetcatalog; path = "Preview Assets.xcassets"; sourceTree = "<group>"; };
		57C9FCB724A08ED8004D70AA /* Base */ = {isa = PBXFileReference; lastKnownFileType = file.storyboard; name = Base; path = Base.lproj/LaunchScreen.storyboard; sourceTree = "<group>"; };
		57C9FCB924A08ED8004D70AA /* Info.plist */ = {isa = PBXFileReference; lastKnownFileType = text.plist.xml; path = Info.plist; sourceTree = "<group>"; };
/* End PBXFileReference section */

/* Begin PBXFrameworksBuildPhase section */
		57C9FCA524A08ED6004D70AA /* Frameworks */ = {
			isa = PBXFrameworksBuildPhase;
			buildActionMask = 2147483647;
			files = (
			);
			runOnlyForDeploymentPostprocessing = 0;
		};
/* End PBXFrameworksBuildPhase section */

/* Begin PBXGroup section */
		57C9FC9F24A08ED6004D70AA = {
			isa = PBXGroup;
			children = (
				57C9FCAA24A08ED6004D70AA /* BINDING */,
				57C9FCA924A08ED6004D70AA /* Products */,
			);
			sourceTree = "<group>";
		};
		57C9FCA924A08ED6004D70AA /* Products */ = {
			isa = PBXGroup;
			children = (
				57C9FCA824A08ED6004D70AA /* BINDING.app */,
			);
			name = Products;
			sourceTree = "<group>";
		};
		57C9FCAA24A08ED6004D70AA /* BINDING */ = {
			isa = PBXGroup;
			children = (
				57C9FCAB24A08ED6004D70AA /* AppDelegate.swift */,
				57C9FCAD24A08ED6004D70AA /* SceneDelegate.swift */,
				57C9FCAF24A08ED6004D70AA /* ContentView.swift */,
				57C9FCB124A08ED8004D70AA /* Assets.xcassets */,
				57C9FCB624A08ED8004D70AA /* LaunchScreen.storyboard */,
				57C9FCB924A08ED8004D70AA /* Info.plist */,
				57C9FCB324A08ED8004D70AA /* Preview Content */,
			);
			path = BINDING;
			sourceTree = "<group>";
		};
		57C9FCB324A08ED8004D70AA /* Preview Content */ = {
			isa = PBXGroup;
			children = (
				57C9FCB424A08ED8004D70AA /* Preview Assets.xcassets */,
			);
			path = "Preview Content";
			sourceTree = "<group>";
		};
/* End PBXGroup section */

/* Begin PBXNativeTarget section */
		57C9FCA724A08ED6004D70AA /* BINDING */ = {
			isa = PBXNativeTarget;
			buildConfigurationList = 57C9FCBC24A08ED8004D70AA /* Build configuration list for PBXNativeTarget "BINDING" */;
			buildPhases = (
				57C9FCA424A08ED6004D70AA /* Sources */,
				57C9FCA524A08ED6004D70AA /* Frameworks */,
				57C9FCA624A08ED6004D70AA /* Resources */,
			);
			buildRules = (
			);
			dependencies = (
			);
			name = BINDING;
			productName = BINDING;
			productReference = 57C9FCA824A08ED6004D70AA /* BINDING.app */;
			productType = "com.apple.product-type.application";
		};
/* End PBXNativeTarget section */

/* Begin PBXProject section */
		57C9FCA024A08ED6004D70AA /* Project object */ = {
			isa = PBXProject;
			attributes = {
				LastSwiftUpdateCheck = 1110;
				LastUpgradeCheck = 1110;
				ORGANIZATIONNAME = sun;
				TargetAttributes = {
					57C9FCA724A08ED6004D70AA = {
						CreatedOnToolsVersion = 11.1;
					};
				};
			};
			buildConfigurationList = 57C9FCA324A08ED6004D70AA /* Build configuration list for PBXProject "BINDING" */;
			compatibilityVersion = "Xcode 9.3";
			developmentRegion = en;
			hasScannedForEncodings = 0;
			knownRegions = (
				en,
				Base,
			);
			mainGroup = 57C9FC9F24A08ED6004D70AA;
			productRefGroup = 57C9FCA924A08ED6004D70AA /* Products */;
			projectDirPath = "";
			projectRoot = "";
			targets = (
				57C9FCA724A08ED6004D70AA /* BINDING */,
			);
		};
/* End PBXProject section */

/* Begin PBXResourcesBuildPhase section */
		57C9FCA624A08ED6004D70AA /* Resources */ = {
			isa = PBXResourcesBuildPhase;
			buildActionMask = 2147483647;
			files = (
				57C9FCB824A08ED8004D70AA /* LaunchScreen.storyboard in Resources */,
				57C9FCB524A08ED8004D70AA /* Preview Assets.xcassets in Resources */,
				57C9FCB224A08ED8004D70AA /* Assets.xcassets in Resources */,
			);
			runOnlyForDeploymentPostprocessing = 0;
		};
/* End PBXResourcesBuildPhase section */

/* Begin PBXSourcesBuildPhase section */
		57C9FCA424A08ED6004D70AA /* Sources */ = {
			isa = PBXSourcesBuildPhase;
			buildActionMask = 2147483647;
			files = (
				57C9FCAC24A08ED6004D70AA /* AppDelegate.swift in Sources */,
				57C9FCAE24A08ED6004D70AA /* SceneDelegate.swift in Sources */,
				57C9FCB024A08ED6004D70AA /* ContentView.swift in Sources */,
			);
			runOnlyForDeploymentPostprocessing = 0;
		};
/* End PBXSourcesBuildPhase section */

/* Begin PBXVariantGroup section */
		57C9FCB624A08ED8004D70AA /* LaunchScreen.storyboard */ = {
			isa = PBXVariantGroup;
			children = (
				57C9FCB724A08ED8004D70AA /* Base */,
			);
			name = LaunchScreen.storyboard;
			sourceTree = "<group>";
		};
/* End PBXVariantGroup section */

/* Begin XCBuildConfiguration section */
		57C9FCBA24A08ED8004D70AA /* Debug */ = {
			isa = XCBuildConfiguration;
			buildSettings = {
				ALWAYS_SEARCH_USER_PATHS = NO;
				CLANG_ANALYZER_NONNULL = YES;
				CLANG_ANALYZER_NUMBER_OBJECT_CONVERSION = YES_AGGRESSIVE;
				CLANG_CXX_LANGUAGE_STANDARD = "gnu++14";
				CLANG_CXX_LIBRARY = "libc++";
				CLANG_ENABLE_MODULES = YES;
				CLANG_ENABLE_OBJC_ARC = YES;
				CLANG_ENABLE_OBJC_WEAK = YES;
				CLANG_WARN_BLOCK_CAPTURE_AUTORELEASING = YES;
				CLANG_WARN_BOOL_CONVERSION = YES;
				CLANG_WARN_COMMA = YES;
				CLANG_WARN_CONSTANT_CONVERSION = YES;
				CLANG_WARN_DEPRECATED_OBJC_IMPLEMENTATIONS = YES;
				CLANG_WARN_DIRECT_OBJC_ISA_USAGE = YES_ERROR;
				CLANG_WARN_DOCUMENTATION_COMMENTS = YES;
				CLANG_WARN_EMPTY_BODY = YES;
				CLANG_WARN_ENUM_CONVERSION = YES;
				CLANG_WARN_INFINITE_RECURSION = YES;
				CLANG_WARN_INT_CONVERSION = YES;
				CLANG_WARN_NON_LITERAL_NULL_CONVERSION = YES;
				CLANG_WARN_OBJC_IMPLICIT_RETAIN_SELF = YES;
				CLANG_WARN_OBJC_LITERAL_CONVERSION = YES;
				CLANG_WARN_OBJC_ROOT_CLASS = YES_ERROR;
				CLANG_WARN_RANGE_LOOP_ANALYSIS = YES;
				CLANG_WARN_STRICT_PROTOTYPES = YES;
				CLANG_WARN_SUSPICIOUS_MOVE = YES;
				CLANG_WARN_UNGUARDED_AVAILABILITY = YES_AGGRESSIVE;
				CLANG_WARN_UNREACHABLE_CODE = YES;
				CLANG_WARN__DUPLICATE_METHOD_MATCH = YES;
				COPY_PHASE_STRIP = NO;
				DEBUG_INFORMATION_FORMAT = dwarf;
				ENABLE_STRICT_OBJC_MSGSEND = YES;
				ENABLE_TESTABILITY = YES;
				GCC_C_LANGUAGE_STANDARD = gnu11;
				GCC_DYNAMIC_NO_PIC = NO;
				GCC_NO_COMMON_BLOCKS = YES;
				GCC_OPTIMIZATION_LEVEL = 0;
				GCC_PREPROCESSOR_DEFINITIONS = (
					"DEBUG=1",
					"$(inherited)",
				);
				GCC_WARN_64_TO_32_BIT_CONVERSION = YES;
				GCC_WARN_ABOUT_RETURN_TYPE = YES_ERROR;
				GCC_WARN_UNDECLARED_SELECTOR = YES;
				GCC_WARN_UNINITIALIZED_AUTOS = YES_AGGRESSIVE;
				GCC_WARN_UNUSED_FUNCTION = YES;
				GCC_WARN_UNUSED_VARIABLE = YES;
				IPHONEOS_DEPLOYMENT_TARGET = 13.1;
				MTL_ENABLE_DEBUG_INFO = INCLUDE_SOURCE;
				MTL_FAST_MATH = YES;
				ONLY_ACTIVE_ARCH = YES;
				SDKROOT = iphoneos;
				SWIFT_ACTIVE_COMPILATION_CONDITIONS = DEBUG;
				SWIFT_OPTIMIZATION_LEVEL = "-Onone";
			};
			name = Debug;
		};
		57C9FCBB24A08ED8004D70AA /* Release */ = {
			isa = XCBuildConfiguration;
			buildSettings = {
				ALWAYS_SEARCH_USER_PATHS = NO;
				CLANG_ANALYZER_NONNULL = YES;
				CLANG_ANALYZER_NUMBER_OBJECT_CONVERSION = YES_AGGRESSIVE;
				CLANG_CXX_LANGUAGE_STANDARD = "gnu++14";
				CLANG_CXX_LIBRARY = "libc++";
				CLANG_ENABLE_MODULES = YES;
				CLANG_ENABLE_OBJC_ARC = YES;
				CLANG_ENABLE_OBJC_WEAK = YES;
				CLANG_WARN_BLOCK_CAPTURE_AUTORELEASING = YES;
				CLANG_WARN_BOOL_CONVERSION = YES;
				CLANG_WARN_COMMA = YES;
				CLANG_WARN_CONSTANT_CONVERSION = YES;
				CLANG_WARN_DEPRECATED_OBJC_IMPLEMENTATIONS = YES;
				CLANG_WARN_DIRECT_OBJC_ISA_USAGE = YES_ERROR;
				CLANG_WARN_DOCUMENTATION_COMMENTS = YES;
				CLANG_WARN_EMPTY_BODY = YES;
				CLANG_WARN_ENUM_CONVERSION = YES;
				CLANG_WARN_INFINITE_RECURSION = YES;
				CLANG_WARN_INT_CONVERSION = YES;
				CLANG_WARN_NON_LITERAL_NULL_CONVERSION = YES;
				CLANG_WARN_OBJC_IMPLICIT_RETAIN_SELF = YES;
				CLANG_WARN_OBJC_LITERAL_CONVERSION = YES;
				CLANG_WARN_OBJC_ROOT_CLASS = YES_ERROR;
				CLANG_WARN_RANGE_LOOP_ANALYSIS = YES;
				CLANG_WARN_STRICT_PROTOTYPES = YES;
				CLANG_WARN_SUSPICIOUS_MOVE = YES;
				CLANG_WARN_UNGUARDED_AVAILABILITY = YES_AGGRESSIVE;
				CLANG_WARN_UNREACHABLE_CODE = YES;
				CLANG_WARN__DUPLICATE_METHOD_MATCH = YES;
				COPY_PHASE_STRIP = NO;
				DEBUG_INFORMATION_FORMAT = "dwarf-with-dsym";
				ENABLE_NS_ASSERTIONS = NO;
				ENABLE_STRICT_OBJC_MSGSEND = YES;
				GCC_C_LANGUAGE_STANDARD = gnu11;
				GCC_NO_COMMON_BLOCKS = YES;
				GCC_WARN_64_TO_32_BIT_CONVERSION = YES;
				GCC_WARN_ABOUT_RETURN_TYPE = YES_ERROR;
				GCC_WARN_UNDECLARED_SELECTOR = YES;
				GCC_WARN_UNINITIALIZED_AUTOS = YES_AGGRESSIVE;
				GCC_WARN_UNUSED_FUNCTION = YES;
				GCC_WARN_UNUSED_VARIABLE = YES;
				IPHONEOS_DEPLOYMENT_TARGET = 13.1;
				MTL_ENABLE_DEBUG_INFO = NO;
				MTL_FAST_MATH = YES;
				SDKROOT = iphoneos;
				SWIFT_COMPILATION_MODE = wholemodule;
				SWIFT_OPTIMIZATION_LEVEL = "-O";
				VALIDATE_PRODUCT = YES;
			};
			name = Release;
		};
		57C9FCBD24A08ED8004D70AA /* Debug */ = {
			isa = XCBuildConfiguration;
			buildSettings = {
				ASSETCATALOG_COMPILER_APPICON_NAME = AppIcon;
				CODE_SIGN_STYLE = Automatic;
				DEVELOPMENT_ASSET_PATHS = "\"BINDING/Preview Content\"";
				DEVELOPMENT_TEAM = FV52AXG48W;
				ENABLE_PREVIEWS = YES;
				INFOPLIST_FILE = BINDING/Info.plist;
				LD_RUNPATH_SEARCH_PATHS = (
					"$(inherited)",
					"@executable_path/Frameworks",
				);
				PRODUCT_BUNDLE_IDENTIFIER = brian.BINDING;
				PRODUCT_NAME = "$(TARGET_NAME)";
				SWIFT_VERSION = 5.0;
				TARGETED_DEVICE_FAMILY = "1,2";
			};
			name = Debug;
		};
		57C9FCBE24A08ED8004D70AA /* Release */ = {
			isa = XCBuildConfiguration;
			buildSettings = {
				ASSETCATALOG_COMPILER_APPICON_NAME = AppIcon;
				CODE_SIGN_STYLE = Automatic;
				DEVELOPMENT_ASSET_PATHS = "\"BINDING/Preview Content\"";
				DEVELOPMENT_TEAM = FV52AXG48W;
				ENABLE_PREVIEWS = YES;
				INFOPLIST_FILE = BINDING/Info.plist;
				LD_RUNPATH_SEARCH_PATHS = (
					"$(inherited)",
					"@executable_path/Frameworks",
				);
				PRODUCT_BUNDLE_IDENTIFIER = brian.BINDING;
				PRODUCT_NAME = "$(TARGET_NAME)";
				SWIFT_VERSION = 5.0;
				TARGETED_DEVICE_FAMILY = "1,2";
			};
			name = Release;
		};
/* End XCBuildConfiguration section */

/* Begin XCConfigurationList section */
		57C9FCA324A08ED6004D70AA /* Build configuration list for PBXProject "BINDING" */ = {
			isa = XCConfigurationList;
			buildConfigurations = (
				57C9FCBA24A08ED8004D70AA /* Debug */,
				57C9FCBB24A08ED8004D70AA /* Release */,
			);
			defaultConfigurationIsVisible = 0;
			defaultConfigurationName = Release;
		};
		57C9FCBC24A08ED8004D70AA /* Build configuration list for PBXNativeTarget "BINDING" */ = {
			isa = XCConfigurationList;
			buildConfigurations = (
				57C9FCBD24A08ED8004D70AA /* Debug */,
				57C9FCBE24A08ED8004D70AA /* Release */,
			);
			defaultConfigurationIsVisible = 0;
			defaultConfigurationName = Release;
		};
/* End XCConfigurationList section */
	};
	rootObject = 57C9FCA024A08ED6004D70AA /* Project object */;
}
